
Microsoft Visual Studio Solution File, Format Version 12.00
# Visual Studio Version 16
VisualStudioVersion = 16.0.29215.179
MinimumVisualStudioVersion = 10.0.40219.1
Project("{FAE04EC0-301F-11D3-BF4B-00C04F79EFBC}") = "_3", "_3.csproj", "{039896EA-15E9-4B77-9BAB-AFBE7C31A733}"
EndProject
Global
	GlobalSection(SolutionConfigurationPlatforms) = preSolution
		Debug|Any CPU = Debug|Any CPU
		Release|Any CPU = Release|Any CPU
	EndGlobalSection
	GlobalSection(ProjectConfigurationPlatforms) = postSolution
		{039896EA-15E9-4B77-9BAB-AFBE7C31A733}.Debug|Any CPU.ActiveCfg = Debug|Any CPU
		{039896EA-15E9-4B77-9BAB-AFBE7C31A733}.Debug|Any CPU.Build.0 = Debug|Any CPU
		{039896EA-15E9-4B77-9BAB-AFBE7C31A733}.Release|Any CPU.ActiveCfg = Release|Any CPU
		{039896EA-15E9-4B77-9BAB-AFBE7C31A733}.Release|Any CPU.Build.0 = Release|Any CPU
	EndGlobalSection
	GlobalSection(SolutionProperties) = preSolution
		HideSolutionNode = FALSE
	EndGlobalSection
	GlobalSection(ExtensibilityGlobals) = postSolution
		SolutionGuid = {11DE2C59-505E-43F9-9C3D-D90407135B10}
	EndGlobalSection
EndGlobal
