
Microsoft Visual Studio Solution File, Format Version 12.00
# Visual Studio Version 16
VisualStudioVersion = 16.0.29215.179
MinimumVisualStudioVersion = 10.0.40219.1
Project("{FAE04EC0-301F-11D3-BF4B-00C04F79EFBC}") = "№4", "№4.csproj", "{6C7E7071-E06A-469B-8D89-02B098D7AF73}"
EndProject
Global
	GlobalSection(SolutionConfigurationPlatforms) = preSolution
		Debug|Any CPU = Debug|Any CPU
		Release|Any CPU = Release|Any CPU
	EndGlobalSection
	GlobalSection(ProjectConfigurationPlatforms) = postSolution
		{6C7E7071-E06A-469B-8D89-02B098D7AF73}.Debug|Any CPU.ActiveCfg = Debug|Any CPU
		{6C7E7071-E06A-469B-8D89-02B098D7AF73}.Debug|Any CPU.Build.0 = Debug|Any CPU
		{6C7E7071-E06A-469B-8D89-02B098D7AF73}.Release|Any CPU.ActiveCfg = Release|Any CPU
		{6C7E7071-E06A-469B-8D89-02B098D7AF73}.Release|Any CPU.Build.0 = Release|Any CPU
	EndGlobalSection
	GlobalSection(SolutionProperties) = preSolution
		HideSolutionNode = FALSE
	EndGlobalSection
	GlobalSection(ExtensibilityGlobals) = postSolution
		SolutionGuid = {32D90F5B-487D-426F-B5CC-61CCB5E0AEC7}
	EndGlobalSection
EndGlobal
