
Microsoft Visual Studio Solution File, Format Version 12.00
# Visual Studio Version 16
VisualStudioVersion = 16.0.29215.179
MinimumVisualStudioVersion = 10.0.40219.1
Project("{FAE04EC0-301F-11D3-BF4B-00C04F79EFBC}") = "№__7", "№__7.csproj", "{ED06787E-4FB8-4143-9B0A-8BCBD5E3492A}"
EndProject
Global
	GlobalSection(SolutionConfigurationPlatforms) = preSolution
		Debug|Any CPU = Debug|Any CPU
		Release|Any CPU = Release|Any CPU
	EndGlobalSection
	GlobalSection(ProjectConfigurationPlatforms) = postSolution
		{ED06787E-4FB8-4143-9B0A-8BCBD5E3492A}.Debug|Any CPU.ActiveCfg = Debug|Any CPU
		{ED06787E-4FB8-4143-9B0A-8BCBD5E3492A}.Debug|Any CPU.Build.0 = Debug|Any CPU
		{ED06787E-4FB8-4143-9B0A-8BCBD5E3492A}.Release|Any CPU.ActiveCfg = Release|Any CPU
		{ED06787E-4FB8-4143-9B0A-8BCBD5E3492A}.Release|Any CPU.Build.0 = Release|Any CPU
	EndGlobalSection
	GlobalSection(SolutionProperties) = preSolution
		HideSolutionNode = FALSE
	EndGlobalSection
	GlobalSection(ExtensibilityGlobals) = postSolution
		SolutionGuid = {E44A87C5-F809-4469-BDDC-2870DBF203C6}
	EndGlobalSection
EndGlobal
