
Microsoft Visual Studio Solution File, Format Version 12.00
# Visual Studio Version 16
VisualStudioVersion = 16.0.29215.179
MinimumVisualStudioVersion = 10.0.40219.1
Project("{FAE04EC0-301F-11D3-BF4B-00C04F79EFBC}") = "4", "4.csproj", "{B5714A3A-6AA0-482C-A4C3-795290AC14AF}"
EndProject
Global
	GlobalSection(SolutionConfigurationPlatforms) = preSolution
		Debug|Any CPU = Debug|Any CPU
		Release|Any CPU = Release|Any CPU
	EndGlobalSection
	GlobalSection(ProjectConfigurationPlatforms) = postSolution
		{B5714A3A-6AA0-482C-A4C3-795290AC14AF}.Debug|Any CPU.ActiveCfg = Debug|Any CPU
		{B5714A3A-6AA0-482C-A4C3-795290AC14AF}.Debug|Any CPU.Build.0 = Debug|Any CPU
		{B5714A3A-6AA0-482C-A4C3-795290AC14AF}.Release|Any CPU.ActiveCfg = Release|Any CPU
		{B5714A3A-6AA0-482C-A4C3-795290AC14AF}.Release|Any CPU.Build.0 = Release|Any CPU
	EndGlobalSection
	GlobalSection(SolutionProperties) = preSolution
		HideSolutionNode = FALSE
	EndGlobalSection
	GlobalSection(ExtensibilityGlobals) = postSolution
		SolutionGuid = {63039D16-EF7B-4259-BE99-B32EDA61F1A6}
	EndGlobalSection
EndGlobal
