
Microsoft Visual Studio Solution File, Format Version 12.00
# Visual Studio Version 16
VisualStudioVersion = 16.0.29215.179
MinimumVisualStudioVersion = 10.0.40219.1
Project("{FAE04EC0-301F-11D3-BF4B-00C04F79EFBC}") = "3", "3.csproj", "{496731D5-7B3B-45EB-BAF9-3B3518330820}"
EndProject
Global
	GlobalSection(SolutionConfigurationPlatforms) = preSolution
		Debug|Any CPU = Debug|Any CPU
		Release|Any CPU = Release|Any CPU
	EndGlobalSection
	GlobalSection(ProjectConfigurationPlatforms) = postSolution
		{496731D5-7B3B-45EB-BAF9-3B3518330820}.Debug|Any CPU.ActiveCfg = Debug|Any CPU
		{496731D5-7B3B-45EB-BAF9-3B3518330820}.Debug|Any CPU.Build.0 = Debug|Any CPU
		{496731D5-7B3B-45EB-BAF9-3B3518330820}.Release|Any CPU.ActiveCfg = Release|Any CPU
		{496731D5-7B3B-45EB-BAF9-3B3518330820}.Release|Any CPU.Build.0 = Release|Any CPU
	EndGlobalSection
	GlobalSection(SolutionProperties) = preSolution
		HideSolutionNode = FALSE
	EndGlobalSection
	GlobalSection(ExtensibilityGlobals) = postSolution
		SolutionGuid = {5399CE60-8C54-44F9-B18C-6957D8D250AE}
	EndGlobalSection
EndGlobal
