
Microsoft Visual Studio Solution File, Format Version 12.00
# Visual Studio Version 16
VisualStudioVersion = 16.0.29215.179
MinimumVisualStudioVersion = 10.0.40219.1
Project("{FAE04EC0-301F-11D3-BF4B-00C04F79EFBC}") = "_1", "_1.csproj", "{5E07B030-F7B9-459D-9094-8001DAD75F2D}"
EndProject
Global
	GlobalSection(SolutionConfigurationPlatforms) = preSolution
		Debug|Any CPU = Debug|Any CPU
		Release|Any CPU = Release|Any CPU
	EndGlobalSection
	GlobalSection(ProjectConfigurationPlatforms) = postSolution
		{5E07B030-F7B9-459D-9094-8001DAD75F2D}.Debug|Any CPU.ActiveCfg = Debug|Any CPU
		{5E07B030-F7B9-459D-9094-8001DAD75F2D}.Debug|Any CPU.Build.0 = Debug|Any CPU
		{5E07B030-F7B9-459D-9094-8001DAD75F2D}.Release|Any CPU.ActiveCfg = Release|Any CPU
		{5E07B030-F7B9-459D-9094-8001DAD75F2D}.Release|Any CPU.Build.0 = Release|Any CPU
	EndGlobalSection
	GlobalSection(SolutionProperties) = preSolution
		HideSolutionNode = FALSE
	EndGlobalSection
	GlobalSection(ExtensibilityGlobals) = postSolution
		SolutionGuid = {87E03B26-A589-4086-A020-DF31515396EC}
	EndGlobalSection
EndGlobal
