
Microsoft Visual Studio Solution File, Format Version 12.00
# Visual Studio Version 16
VisualStudioVersion = 16.0.29215.179
MinimumVisualStudioVersion = 10.0.40219.1
Project("{FAE04EC0-301F-11D3-BF4B-00C04F79EFBC}") = "-3", "-3.csproj", "{C5644B41-948A-4D15-86D9-1AD281CB09D3}"
EndProject
Global
	GlobalSection(SolutionConfigurationPlatforms) = preSolution
		Debug|Any CPU = Debug|Any CPU
		Release|Any CPU = Release|Any CPU
	EndGlobalSection
	GlobalSection(ProjectConfigurationPlatforms) = postSolution
		{C5644B41-948A-4D15-86D9-1AD281CB09D3}.Debug|Any CPU.ActiveCfg = Debug|Any CPU
		{C5644B41-948A-4D15-86D9-1AD281CB09D3}.Debug|Any CPU.Build.0 = Debug|Any CPU
		{C5644B41-948A-4D15-86D9-1AD281CB09D3}.Release|Any CPU.ActiveCfg = Release|Any CPU
		{C5644B41-948A-4D15-86D9-1AD281CB09D3}.Release|Any CPU.Build.0 = Release|Any CPU
	EndGlobalSection
	GlobalSection(SolutionProperties) = preSolution
		HideSolutionNode = FALSE
	EndGlobalSection
	GlobalSection(ExtensibilityGlobals) = postSolution
		SolutionGuid = {DFF4D894-AE5F-4ADC-A46D-70F50847CC5D}
	EndGlobalSection
EndGlobal
