
Microsoft Visual Studio Solution File, Format Version 12.00
# Visual Studio Version 16
VisualStudioVersion = 16.0.29215.179
MinimumVisualStudioVersion = 10.0.40219.1
Project("{FAE04EC0-301F-11D3-BF4B-00C04F79EFBC}") = "№6", "№6.csproj", "{5B7302B7-6405-4610-9D97-0E1D4C13CCDB}"
EndProject
Global
	GlobalSection(SolutionConfigurationPlatforms) = preSolution
		Debug|Any CPU = Debug|Any CPU
		Release|Any CPU = Release|Any CPU
	EndGlobalSection
	GlobalSection(ProjectConfigurationPlatforms) = postSolution
		{5B7302B7-6405-4610-9D97-0E1D4C13CCDB}.Debug|Any CPU.ActiveCfg = Debug|Any CPU
		{5B7302B7-6405-4610-9D97-0E1D4C13CCDB}.Debug|Any CPU.Build.0 = Debug|Any CPU
		{5B7302B7-6405-4610-9D97-0E1D4C13CCDB}.Release|Any CPU.ActiveCfg = Release|Any CPU
		{5B7302B7-6405-4610-9D97-0E1D4C13CCDB}.Release|Any CPU.Build.0 = Release|Any CPU
	EndGlobalSection
	GlobalSection(SolutionProperties) = preSolution
		HideSolutionNode = FALSE
	EndGlobalSection
	GlobalSection(ExtensibilityGlobals) = postSolution
		SolutionGuid = {5BEA543E-83CC-4E73-A8B2-36545E9D0420}
	EndGlobalSection
EndGlobal
