
Microsoft Visual Studio Solution File, Format Version 12.00
# Visual Studio Version 16
VisualStudioVersion = 16.0.29215.179
MinimumVisualStudioVersion = 10.0.40219.1
Project("{FAE04EC0-301F-11D3-BF4B-00C04F79EFBC}") = "_3", "_3.csproj", "{DBA890D6-0085-49A6-9E16-D852C67F5946}"
EndProject
Global
	GlobalSection(SolutionConfigurationPlatforms) = preSolution
		Debug|Any CPU = Debug|Any CPU
		Release|Any CPU = Release|Any CPU
	EndGlobalSection
	GlobalSection(ProjectConfigurationPlatforms) = postSolution
		{DBA890D6-0085-49A6-9E16-D852C67F5946}.Debug|Any CPU.ActiveCfg = Debug|Any CPU
		{DBA890D6-0085-49A6-9E16-D852C67F5946}.Debug|Any CPU.Build.0 = Debug|Any CPU
		{DBA890D6-0085-49A6-9E16-D852C67F5946}.Release|Any CPU.ActiveCfg = Release|Any CPU
		{DBA890D6-0085-49A6-9E16-D852C67F5946}.Release|Any CPU.Build.0 = Release|Any CPU
	EndGlobalSection
	GlobalSection(SolutionProperties) = preSolution
		HideSolutionNode = FALSE
	EndGlobalSection
	GlobalSection(ExtensibilityGlobals) = postSolution
		SolutionGuid = {DDFB847B-300F-4E6F-9457-A92B92A50006}
	EndGlobalSection
EndGlobal
