
Microsoft Visual Studio Solution File, Format Version 12.00
# Visual Studio Version 16
VisualStudioVersion = 16.0.29215.179
MinimumVisualStudioVersion = 10.0.40219.1
Project("{FAE04EC0-301F-11D3-BF4B-00C04F79EFBC}") = "4", "4.csproj", "{9A7CF3A7-8FE8-4321-AE6D-6BB08214FE21}"
EndProject
Global
	GlobalSection(SolutionConfigurationPlatforms) = preSolution
		Debug|Any CPU = Debug|Any CPU
		Release|Any CPU = Release|Any CPU
	EndGlobalSection
	GlobalSection(ProjectConfigurationPlatforms) = postSolution
		{9A7CF3A7-8FE8-4321-AE6D-6BB08214FE21}.Debug|Any CPU.ActiveCfg = Debug|Any CPU
		{9A7CF3A7-8FE8-4321-AE6D-6BB08214FE21}.Debug|Any CPU.Build.0 = Debug|Any CPU
		{9A7CF3A7-8FE8-4321-AE6D-6BB08214FE21}.Release|Any CPU.ActiveCfg = Release|Any CPU
		{9A7CF3A7-8FE8-4321-AE6D-6BB08214FE21}.Release|Any CPU.Build.0 = Release|Any CPU
	EndGlobalSection
	GlobalSection(SolutionProperties) = preSolution
		HideSolutionNode = FALSE
	EndGlobalSection
	GlobalSection(ExtensibilityGlobals) = postSolution
		SolutionGuid = {87F0FD40-78F3-4A10-AAFC-457CC20CDD41}
	EndGlobalSection
EndGlobal
