
Microsoft Visual Studio Solution File, Format Version 12.00
# Visual Studio Version 16
VisualStudioVersion = 16.0.29215.179
MinimumVisualStudioVersion = 10.0.40219.1
Project("{FAE04EC0-301F-11D3-BF4B-00C04F79EFBC}") = "Номер4", "Номер4.csproj", "{A1E53468-C888-4B93-BF49-83F1731D4C6F}"
EndProject
Global
	GlobalSection(SolutionConfigurationPlatforms) = preSolution
		Debug|Any CPU = Debug|Any CPU
		Release|Any CPU = Release|Any CPU
	EndGlobalSection
	GlobalSection(ProjectConfigurationPlatforms) = postSolution
		{A1E53468-C888-4B93-BF49-83F1731D4C6F}.Debug|Any CPU.ActiveCfg = Debug|Any CPU
		{A1E53468-C888-4B93-BF49-83F1731D4C6F}.Debug|Any CPU.Build.0 = Debug|Any CPU
		{A1E53468-C888-4B93-BF49-83F1731D4C6F}.Release|Any CPU.ActiveCfg = Release|Any CPU
		{A1E53468-C888-4B93-BF49-83F1731D4C6F}.Release|Any CPU.Build.0 = Release|Any CPU
	EndGlobalSection
	GlobalSection(SolutionProperties) = preSolution
		HideSolutionNode = FALSE
	EndGlobalSection
	GlobalSection(ExtensibilityGlobals) = postSolution
		SolutionGuid = {3950338E-0C22-44BE-BF2A-C82D6DDC0CEB}
	EndGlobalSection
EndGlobal
