
Microsoft Visual Studio Solution File, Format Version 12.00
# Visual Studio Version 16
VisualStudioVersion = 16.0.29215.179
MinimumVisualStudioVersion = 10.0.40219.1
Project("{FAE04EC0-301F-11D3-BF4B-00C04F79EFBC}") = "_4", "_4.csproj", "{EE9EDB56-56C6-4279-9FC6-AC104C2A3876}"
EndProject
Global
	GlobalSection(SolutionConfigurationPlatforms) = preSolution
		Debug|Any CPU = Debug|Any CPU
		Release|Any CPU = Release|Any CPU
	EndGlobalSection
	GlobalSection(ProjectConfigurationPlatforms) = postSolution
		{EE9EDB56-56C6-4279-9FC6-AC104C2A3876}.Debug|Any CPU.ActiveCfg = Debug|Any CPU
		{EE9EDB56-56C6-4279-9FC6-AC104C2A3876}.Debug|Any CPU.Build.0 = Debug|Any CPU
		{EE9EDB56-56C6-4279-9FC6-AC104C2A3876}.Release|Any CPU.ActiveCfg = Release|Any CPU
		{EE9EDB56-56C6-4279-9FC6-AC104C2A3876}.Release|Any CPU.Build.0 = Release|Any CPU
	EndGlobalSection
	GlobalSection(SolutionProperties) = preSolution
		HideSolutionNode = FALSE
	EndGlobalSection
	GlobalSection(ExtensibilityGlobals) = postSolution
		SolutionGuid = {775DAF55-0A76-4354-BC2E-FB964818EEDB}
	EndGlobalSection
EndGlobal
