
Microsoft Visual Studio Solution File, Format Version 12.00
# Visual Studio Version 16
VisualStudioVersion = 16.0.29215.179
MinimumVisualStudioVersion = 10.0.40219.1
Project("{FAE04EC0-301F-11D3-BF4B-00C04F79EFBC}") = "№__2", "№__2.csproj", "{D22B3499-2257-47CC-A7F2-BE5DDD749B2F}"
EndProject
Global
	GlobalSection(SolutionConfigurationPlatforms) = preSolution
		Debug|Any CPU = Debug|Any CPU
		Release|Any CPU = Release|Any CPU
	EndGlobalSection
	GlobalSection(ProjectConfigurationPlatforms) = postSolution
		{D22B3499-2257-47CC-A7F2-BE5DDD749B2F}.Debug|Any CPU.ActiveCfg = Debug|Any CPU
		{D22B3499-2257-47CC-A7F2-BE5DDD749B2F}.Debug|Any CPU.Build.0 = Debug|Any CPU
		{D22B3499-2257-47CC-A7F2-BE5DDD749B2F}.Release|Any CPU.ActiveCfg = Release|Any CPU
		{D22B3499-2257-47CC-A7F2-BE5DDD749B2F}.Release|Any CPU.Build.0 = Release|Any CPU
	EndGlobalSection
	GlobalSection(SolutionProperties) = preSolution
		HideSolutionNode = FALSE
	EndGlobalSection
	GlobalSection(ExtensibilityGlobals) = postSolution
		SolutionGuid = {F1FE0C6B-FB84-42AC-BEF7-69ED70B9467E}
	EndGlobalSection
EndGlobal
