
Microsoft Visual Studio Solution File, Format Version 12.00
# Visual Studio Version 16
VisualStudioVersion = 16.0.29215.179
MinimumVisualStudioVersion = 10.0.40219.1
Project("{FAE04EC0-301F-11D3-BF4B-00C04F79EFBC}") = "3", "3.csproj", "{C804695D-4A25-4047-8B25-0AEB3917F6EA}"
EndProject
Global
	GlobalSection(SolutionConfigurationPlatforms) = preSolution
		Debug|Any CPU = Debug|Any CPU
		Release|Any CPU = Release|Any CPU
	EndGlobalSection
	GlobalSection(ProjectConfigurationPlatforms) = postSolution
		{C804695D-4A25-4047-8B25-0AEB3917F6EA}.Debug|Any CPU.ActiveCfg = Debug|Any CPU
		{C804695D-4A25-4047-8B25-0AEB3917F6EA}.Debug|Any CPU.Build.0 = Debug|Any CPU
		{C804695D-4A25-4047-8B25-0AEB3917F6EA}.Release|Any CPU.ActiveCfg = Release|Any CPU
		{C804695D-4A25-4047-8B25-0AEB3917F6EA}.Release|Any CPU.Build.0 = Release|Any CPU
	EndGlobalSection
	GlobalSection(SolutionProperties) = preSolution
		HideSolutionNode = FALSE
	EndGlobalSection
	GlobalSection(ExtensibilityGlobals) = postSolution
		SolutionGuid = {AA806355-14F1-4F79-B26F-ECA4EDCBEB81}
	EndGlobalSection
EndGlobal
