
Microsoft Visual Studio Solution File, Format Version 12.00
# Visual Studio Version 16
VisualStudioVersion = 16.0.29215.179
MinimumVisualStudioVersion = 10.0.40219.1
Project("{FAE04EC0-301F-11D3-BF4B-00C04F79EFBC}") = "№2", "№2.csproj", "{9ACA4429-E5D7-4506-9CBB-3F067ADA6940}"
EndProject
Global
	GlobalSection(SolutionConfigurationPlatforms) = preSolution
		Debug|Any CPU = Debug|Any CPU
		Release|Any CPU = Release|Any CPU
	EndGlobalSection
	GlobalSection(ProjectConfigurationPlatforms) = postSolution
		{9ACA4429-E5D7-4506-9CBB-3F067ADA6940}.Debug|Any CPU.ActiveCfg = Debug|Any CPU
		{9ACA4429-E5D7-4506-9CBB-3F067ADA6940}.Debug|Any CPU.Build.0 = Debug|Any CPU
		{9ACA4429-E5D7-4506-9CBB-3F067ADA6940}.Release|Any CPU.ActiveCfg = Release|Any CPU
		{9ACA4429-E5D7-4506-9CBB-3F067ADA6940}.Release|Any CPU.Build.0 = Release|Any CPU
	EndGlobalSection
	GlobalSection(SolutionProperties) = preSolution
		HideSolutionNode = FALSE
	EndGlobalSection
	GlobalSection(ExtensibilityGlobals) = postSolution
		SolutionGuid = {DC95B1FE-1FDD-4827-AF88-1B6ECA0C1AAA}
	EndGlobalSection
EndGlobal
