
Microsoft Visual Studio Solution File, Format Version 12.00
# Visual Studio Version 16
VisualStudioVersion = 16.0.29215.179
MinimumVisualStudioVersion = 10.0.40219.1
Project("{FAE04EC0-301F-11D3-BF4B-00C04F79EFBC}") = "=5", "=5.csproj", "{94EFF383-0260-4043-A9CA-9F677AF9FE92}"
EndProject
Global
	GlobalSection(SolutionConfigurationPlatforms) = preSolution
		Debug|Any CPU = Debug|Any CPU
		Release|Any CPU = Release|Any CPU
	EndGlobalSection
	GlobalSection(ProjectConfigurationPlatforms) = postSolution
		{94EFF383-0260-4043-A9CA-9F677AF9FE92}.Debug|Any CPU.ActiveCfg = Debug|Any CPU
		{94EFF383-0260-4043-A9CA-9F677AF9FE92}.Debug|Any CPU.Build.0 = Debug|Any CPU
		{94EFF383-0260-4043-A9CA-9F677AF9FE92}.Release|Any CPU.ActiveCfg = Release|Any CPU
		{94EFF383-0260-4043-A9CA-9F677AF9FE92}.Release|Any CPU.Build.0 = Release|Any CPU
	EndGlobalSection
	GlobalSection(SolutionProperties) = preSolution
		HideSolutionNode = FALSE
	EndGlobalSection
	GlobalSection(ExtensibilityGlobals) = postSolution
		SolutionGuid = {EB97CFB9-A60F-48FA-9B84-29F71A596888}
	EndGlobalSection
EndGlobal
