
Microsoft Visual Studio Solution File, Format Version 12.00
# Visual Studio Version 16
VisualStudioVersion = 16.0.29215.179
MinimumVisualStudioVersion = 10.0.40219.1
Project("{FAE04EC0-301F-11D3-BF4B-00C04F79EFBC}") = "Задание 2", "Задание 2.csproj", "{9FC28DB3-DD31-4D3B-B9A6-2A7737F589AB}"
EndProject
Global
	GlobalSection(SolutionConfigurationPlatforms) = preSolution
		Debug|Any CPU = Debug|Any CPU
		Release|Any CPU = Release|Any CPU
	EndGlobalSection
	GlobalSection(ProjectConfigurationPlatforms) = postSolution
		{9FC28DB3-DD31-4D3B-B9A6-2A7737F589AB}.Debug|Any CPU.ActiveCfg = Debug|Any CPU
		{9FC28DB3-DD31-4D3B-B9A6-2A7737F589AB}.Debug|Any CPU.Build.0 = Debug|Any CPU
		{9FC28DB3-DD31-4D3B-B9A6-2A7737F589AB}.Release|Any CPU.ActiveCfg = Release|Any CPU
		{9FC28DB3-DD31-4D3B-B9A6-2A7737F589AB}.Release|Any CPU.Build.0 = Release|Any CPU
	EndGlobalSection
	GlobalSection(SolutionProperties) = preSolution
		HideSolutionNode = FALSE
	EndGlobalSection
	GlobalSection(ExtensibilityGlobals) = postSolution
		SolutionGuid = {C60C372C-6543-4729-AE97-4D8F43B6E158}
	EndGlobalSection
EndGlobal
