
Microsoft Visual Studio Solution File, Format Version 12.00
# Visual Studio Version 16
VisualStudioVersion = 16.0.29215.179
MinimumVisualStudioVersion = 10.0.40219.1
Project("{FAE04EC0-301F-11D3-BF4B-00C04F79EFBC}") = "1", "1.csproj", "{CCC9F3BE-563E-4A2B-81B6-8EB1F6E15097}"
EndProject
Global
	GlobalSection(SolutionConfigurationPlatforms) = preSolution
		Debug|Any CPU = Debug|Any CPU
		Release|Any CPU = Release|Any CPU
	EndGlobalSection
	GlobalSection(ProjectConfigurationPlatforms) = postSolution
		{CCC9F3BE-563E-4A2B-81B6-8EB1F6E15097}.Debug|Any CPU.ActiveCfg = Debug|Any CPU
		{CCC9F3BE-563E-4A2B-81B6-8EB1F6E15097}.Debug|Any CPU.Build.0 = Debug|Any CPU
		{CCC9F3BE-563E-4A2B-81B6-8EB1F6E15097}.Release|Any CPU.ActiveCfg = Release|Any CPU
		{CCC9F3BE-563E-4A2B-81B6-8EB1F6E15097}.Release|Any CPU.Build.0 = Release|Any CPU
	EndGlobalSection
	GlobalSection(SolutionProperties) = preSolution
		HideSolutionNode = FALSE
	EndGlobalSection
	GlobalSection(ExtensibilityGlobals) = postSolution
		SolutionGuid = {CFAECAA6-92FD-423B-A4A4-65D6A3CE946A}
	EndGlobalSection
EndGlobal
